
Microsoft Visual Studio Solution File, Format Version 12.00
# Visual Studio Version 17
VisualStudioVersion = 17.2.32802.462
MinimumVisualStudioVersion = 10.0.40219.1
Project("{FAE04EC0-301F-11D3-BF4B-00C04F79EFBC}") = "WebApplication_CTIKGT", "WebApplication_CTIKGT\WebApplication_CTIKGT.csproj", "{D81D56D7-6BC4-4FFD-A88C-DDD0E5A1E147}"
EndProject
Project("{FAE04EC0-301F-11D3-BF4B-00C04F79EFBC}") = "WinFormsApp_CTIKGT", "WinFormsApp_CTIKGT\WinFormsApp_CTIKGT.csproj", "{6DA56999-A07E-4061-B7EC-A6547D2D1576}"
EndProject
Global
	GlobalSection(SolutionConfigurationPlatforms) = preSolution
		Debug|Any CPU = Debug|Any CPU
		Release|Any CPU = Release|Any CPU
	EndGlobalSection
	GlobalSection(ProjectConfigurationPlatforms) = postSolution
		{D81D56D7-6BC4-4FFD-A88C-DDD0E5A1E147}.Debug|Any CPU.ActiveCfg = Debug|Any CPU
		{D81D56D7-6BC4-4FFD-A88C-DDD0E5A1E147}.Debug|Any CPU.Build.0 = Debug|Any CPU
		{D81D56D7-6BC4-4FFD-A88C-DDD0E5A1E147}.Release|Any CPU.ActiveCfg = Release|Any CPU
		{D81D56D7-6BC4-4FFD-A88C-DDD0E5A1E147}.Release|Any CPU.Build.0 = Release|Any CPU
		{6DA56999-A07E-4061-B7EC-A6547D2D1576}.Debug|Any CPU.ActiveCfg = Debug|Any CPU
		{6DA56999-A07E-4061-B7EC-A6547D2D1576}.Debug|Any CPU.Build.0 = Debug|Any CPU
		{6DA56999-A07E-4061-B7EC-A6547D2D1576}.Release|Any CPU.ActiveCfg = Release|Any CPU
		{6DA56999-A07E-4061-B7EC-A6547D2D1576}.Release|Any CPU.Build.0 = Release|Any CPU
	EndGlobalSection
	GlobalSection(SolutionProperties) = preSolution
		HideSolutionNode = FALSE
	EndGlobalSection
	GlobalSection(ExtensibilityGlobals) = postSolution
		SolutionGuid = {763822E3-4850-4A8C-9B12-169A72CE2BCF}
	EndGlobalSection
EndGlobal
